// !$*UTF8*$!
{
	archiveVersion = 1;
	classes = {
	};
	objectVersion = 56;
	objects = {

/* Begin PBXBuildFile section */
		91E351F629EC064100AB8E87 /* OnboardingView.swift in Sources */ = {isa = PBXBuildFile; fileRef = 91E351EF29EC064100AB8E87 /* OnboardingView.swift */; };
		91E351F729EC064100AB8E87 /* NotePreview.swift in Sources */ = {isa = PBXBuildFile; fileRef = 91E351F029EC064100AB8E87 /* NotePreview.swift */; };
		91E351F829EC064100AB8E87 /* ContentView.swift in Sources */ = {isa = PBXBuildFile; fileRef = 91E351F129EC064100AB8E87 /* ContentView.swift */; };
		91E351F929EC064100AB8E87 /* NotIM.swift in Sources */ = {isa = PBXBuildFile; fileRef = 91E351F229EC064100AB8E87 /* NotIM.swift */; };
		91E351FA29EC064100AB8E87 /* GlobalThings.swift in Sources */ = {isa = PBXBuildFile; fileRef = 91E351F329EC064100AB8E87 /* GlobalThings.swift */; };
		91E351FB29EC064100AB8E87 /* NewMemoView.swift in Sources */ = {isa = PBXBuildFile; fileRef = 91E351F429EC064100AB8E87 /* NewMemoView.swift */; };
		91E351FC29EC064100AB8E87 /* NoteEditorView.swift in Sources */ = {isa = PBXBuildFile; fileRef = 91E351F529EC064100AB8E87 /* NoteEditorView.swift */; };
		91EE753129EBDEBB0031BDD1 /* Assets.xcassets in Resources */ = {isa = PBXBuildFile; fileRef = 91EE753029EBDEBB0031BDD1 /* Assets.xcassets */; };
		91EE753429EBDEBB0031BDD1 /* Preview Assets.xcassets in Resources */ = {isa = PBXBuildFile; fileRef = 91EE753329EBDEBB0031BDD1 /* Preview Assets.xcassets */; };
		91EE753E29EBDEBB0031BDD1 /* NotIMTests.swift in Sources */ = {isa = PBXBuildFile; fileRef = 91EE753D29EBDEBB0031BDD1 /* NotIMTests.swift */; };
		91EE754829EBDEBB0031BDD1 /* NotIMUITests.swift in Sources */ = {isa = PBXBuildFile; fileRef = 91EE754729EBDEBB0031BDD1 /* NotIMUITests.swift */; };
		91EE754A29EBDEBB0031BDD1 /* NotIMUITestsLaunchTests.swift in Sources */ = {isa = PBXBuildFile; fileRef = 91EE754929EBDEBB0031BDD1 /* NotIMUITestsLaunchTests.swift */; };
		91EE756229EC02620031BDD1 /* LocalConsole in Frameworks */ = {isa = PBXBuildFile; productRef = 91EE756129EC02620031BDD1 /* LocalConsole */; };
/* End PBXBuildFile section */

/* Begin PBXContainerItemProxy section */
		91EE753A29EBDEBB0031BDD1 /* PBXContainerItemProxy */ = {
			isa = PBXContainerItemProxy;
			containerPortal = 91EE752129EBDEB80031BDD1 /* Project object */;
			proxyType = 1;
			remoteGlobalIDString = 91EE752829EBDEB80031BDD1;
			remoteInfo = NotIM;
		};
		91EE754429EBDEBB0031BDD1 /* PBXContainerItemProxy */ = {
			isa = PBXContainerItemProxy;
			containerPortal = 91EE752129EBDEB80031BDD1 /* Project object */;
			proxyType = 1;
			remoteGlobalIDString = 91EE752829EBDEB80031BDD1;
			remoteInfo = NotIM;
		};
/* End PBXContainerItemProxy section */

/* Begin PBXFileReference section */
		91E351EF29EC064100AB8E87 /* OnboardingView.swift */ = {isa = PBXFileReference; fileEncoding = 4; lastKnownFileType = sourcecode.swift; path = OnboardingView.swift; sourceTree = "<group>"; };
		91E351F029EC064100AB8E87 /* NotePreview.swift */ = {isa = PBXFileReference; fileEncoding = 4; lastKnownFileType = sourcecode.swift; path = NotePreview.swift; sourceTree = "<group>"; };
		91E351F129EC064100AB8E87 /* ContentView.swift */ = {isa = PBXFileReference; fileEncoding = 4; lastKnownFileType = sourcecode.swift; path = ContentView.swift; sourceTree = "<group>"; };
		91E351F229EC064100AB8E87 /* NotIM.swift */ = {isa = PBXFileReference; fileEncoding = 4; lastKnownFileType = sourcecode.swift; path = NotIM.swift; sourceTree = "<group>"; };
		91E351F329EC064100AB8E87 /* GlobalThings.swift */ = {isa = PBXFileReference; fileEncoding = 4; lastKnownFileType = sourcecode.swift; path = GlobalThings.swift; sourceTree = "<group>"; };
		91E351F429EC064100AB8E87 /* NewMemoView.swift */ = {isa = PBXFileReference; fileEncoding = 4; lastKnownFileType = sourcecode.swift; path = NewMemoView.swift; sourceTree = "<group>"; };
		91E351F529EC064100AB8E87 /* NoteEditorView.swift */ = {isa = PBXFileReference; fileEncoding = 4; lastKnownFileType = sourcecode.swift; path = NoteEditorView.swift; sourceTree = "<group>"; };
		91E351FD29ED38F300AB8E87 /* Info.plist */ = {isa = PBXFileReference; lastKnownFileType = text.plist; path = Info.plist; sourceTree = "<group>"; };
		91EE752929EBDEB80031BDD1 /* NotIM.app */ = {isa = PBXFileReference; explicitFileType = wrapper.application; includeInIndex = 0; path = NotIM.app; sourceTree = BUILT_PRODUCTS_DIR; };
		91EE753029EBDEBB0031BDD1 /* Assets.xcassets */ = {isa = PBXFileReference; lastKnownFileType = folder.assetcatalog; path = Assets.xcassets; sourceTree = "<group>"; };
		91EE753329EBDEBB0031BDD1 /* Preview Assets.xcassets */ = {isa = PBXFileReference; lastKnownFileType = folder.assetcatalog; path = "Preview Assets.xcassets"; sourceTree = "<group>"; };
		91EE753929EBDEBB0031BDD1 /* NotIMTests.xctest */ = {isa = PBXFileReference; explicitFileType = wrapper.cfbundle; includeInIndex = 0; path = NotIMTests.xctest; sourceTree = BUILT_PRODUCTS_DIR; };
		91EE753D29EBDEBB0031BDD1 /* NotIMTests.swift */ = {isa = PBXFileReference; lastKnownFileType = sourcecode.swift; path = NotIMTests.swift; sourceTree = "<group>"; };
		91EE754329EBDEBB0031BDD1 /* NotIMUITests.xctest */ = {isa = PBXFileReference; explicitFileType = wrapper.cfbundle; includeInIndex = 0; path = NotIMUITests.xctest; sourceTree = BUILT_PRODUCTS_DIR; };
		91EE754729EBDEBB0031BDD1 /* NotIMUITests.swift */ = {isa = PBXFileReference; lastKnownFileType = sourcecode.swift; path = NotIMUITests.swift; sourceTree = "<group>"; };
		91EE754929EBDEBB0031BDD1 /* NotIMUITestsLaunchTests.swift */ = {isa = PBXFileReference; lastKnownFileType = sourcecode.swift; path = NotIMUITestsLaunchTests.swift; sourceTree = "<group>"; };
/* End PBXFileReference section */

/* Begin PBXFrameworksBuildPhase section */
		91EE752629EBDEB80031BDD1 /* Frameworks */ = {
			isa = PBXFrameworksBuildPhase;
			buildActionMask = 2147483647;
			files = (
				91EE756229EC02620031BDD1 /* LocalConsole in Frameworks */,
			);
			runOnlyForDeploymentPostprocessing = 0;
		};
		91EE753629EBDEBB0031BDD1 /* Frameworks */ = {
			isa = PBXFrameworksBuildPhase;
			buildActionMask = 2147483647;
			files = (
			);
			runOnlyForDeploymentPostprocessing = 0;
		};
		91EE754029EBDEBB0031BDD1 /* Frameworks */ = {
			isa = PBXFrameworksBuildPhase;
			buildActionMask = 2147483647;
			files = (
			);
			runOnlyForDeploymentPostprocessing = 0;
		};
/* End PBXFrameworksBuildPhase section */

/* Begin PBXGroup section */
		91EE752029EBDEB80031BDD1 = {
			isa = PBXGroup;
			children = (
				91EE752B29EBDEB80031BDD1 /* NotIM */,
				91EE753C29EBDEBB0031BDD1 /* NotIMTests */,
				91EE754629EBDEBB0031BDD1 /* NotIMUITests */,
				91EE752A29EBDEB80031BDD1 /* Products */,
			);
			sourceTree = "<group>";
		};
		91EE752A29EBDEB80031BDD1 /* Products */ = {
			isa = PBXGroup;
			children = (
				91EE752929EBDEB80031BDD1 /* NotIM.app */,
				91EE753929EBDEBB0031BDD1 /* NotIMTests.xctest */,
				91EE754329EBDEBB0031BDD1 /* NotIMUITests.xctest */,
			);
			name = Products;
			sourceTree = "<group>";
		};
		91EE752B29EBDEB80031BDD1 /* NotIM */ = {
			isa = PBXGroup;
			children = (
				91E351FD29ED38F300AB8E87 /* Info.plist */,
				91E351F129EC064100AB8E87 /* ContentView.swift */,
				91E351F329EC064100AB8E87 /* GlobalThings.swift */,
				91E351F429EC064100AB8E87 /* NewMemoView.swift */,
				91E351F529EC064100AB8E87 /* NoteEditorView.swift */,
				91E351F029EC064100AB8E87 /* NotePreview.swift */,
				91E351F229EC064100AB8E87 /* NotIM.swift */,
				91E351EF29EC064100AB8E87 /* OnboardingView.swift */,
				91EE753029EBDEBB0031BDD1 /* Assets.xcassets */,
				91EE753229EBDEBB0031BDD1 /* Preview Content */,
			);
			path = NotIM;
			sourceTree = "<group>";
		};
		91EE753229EBDEBB0031BDD1 /* Preview Content */ = {
			isa = PBXGroup;
			children = (
				91EE753329EBDEBB0031BDD1 /* Preview Assets.xcassets */,
			);
			path = "Preview Content";
			sourceTree = "<group>";
		};
		91EE753C29EBDEBB0031BDD1 /* NotIMTests */ = {
			isa = PBXGroup;
			children = (
				91EE753D29EBDEBB0031BDD1 /* NotIMTests.swift */,
			);
			path = NotIMTests;
			sourceTree = "<group>";
		};
		91EE754629EBDEBB0031BDD1 /* NotIMUITests */ = {
			isa = PBXGroup;
			children = (
				91EE754729EBDEBB0031BDD1 /* NotIMUITests.swift */,
				91EE754929EBDEBB0031BDD1 /* NotIMUITestsLaunchTests.swift */,
			);
			path = NotIMUITests;
			sourceTree = "<group>";
		};
/* End PBXGroup section */

/* Begin PBXNativeTarget section */
		91EE752829EBDEB80031BDD1 /* NotIM */ = {
			isa = PBXNativeTarget;
			buildConfigurationList = 91EE754D29EBDEBB0031BDD1 /* Build configuration list for PBXNativeTarget "NotIM" */;
			buildPhases = (
				91EE752529EBDEB80031BDD1 /* Sources */,
				91EE752629EBDEB80031BDD1 /* Frameworks */,
				91EE752729EBDEB80031BDD1 /* Resources */,
			);
			buildRules = (
			);
			dependencies = (
			);
			name = NotIM;
			packageProductDependencies = (
				91EE756129EC02620031BDD1 /* LocalConsole */,
			);
			productName = NotIM;
			productReference = 91EE752929EBDEB80031BDD1 /* NotIM.app */;
			productType = "com.apple.product-type.application";
		};
		91EE753829EBDEBB0031BDD1 /* NotIMTests */ = {
			isa = PBXNativeTarget;
			buildConfigurationList = 91EE755029EBDEBB0031BDD1 /* Build configuration list for PBXNativeTarget "NotIMTests" */;
			buildPhases = (
				91EE753529EBDEBB0031BDD1 /* Sources */,
				91EE753629EBDEBB0031BDD1 /* Frameworks */,
				91EE753729EBDEBB0031BDD1 /* Resources */,
			);
			buildRules = (
			);
			dependencies = (
				91EE753B29EBDEBB0031BDD1 /* PBXTargetDependency */,
			);
			name = NotIMTests;
			productName = NotIMTests;
			productReference = 91EE753929EBDEBB0031BDD1 /* NotIMTests.xctest */;
			productType = "com.apple.product-type.bundle.unit-test";
		};
		91EE754229EBDEBB0031BDD1 /* NotIMUITests */ = {
			isa = PBXNativeTarget;
			buildConfigurationList = 91EE755329EBDEBB0031BDD1 /* Build configuration list for PBXNativeTarget "NotIMUITests" */;
			buildPhases = (
				91EE753F29EBDEBB0031BDD1 /* Sources */,
				91EE754029EBDEBB0031BDD1 /* Frameworks */,
				91EE754129EBDEBB0031BDD1 /* Resources */,
			);
			buildRules = (
			);
			dependencies = (
				91EE754529EBDEBB0031BDD1 /* PBXTargetDependency */,
			);
			name = NotIMUITests;
			productName = NotIMUITests;
			productReference = 91EE754329EBDEBB0031BDD1 /* NotIMUITests.xctest */;
			productType = "com.apple.product-type.bundle.ui-testing";
		};
/* End PBXNativeTarget section */

/* Begin PBXProject section */
		91EE752129EBDEB80031BDD1 /* Project object */ = {
			isa = PBXProject;
			attributes = {
				BuildIndependentTargetsInParallel = 1;
				LastSwiftUpdateCheck = 1430;
				LastUpgradeCheck = 1430;
				TargetAttributes = {
					91EE752829EBDEB80031BDD1 = {
						CreatedOnToolsVersion = 14.3;
					};
					91EE753829EBDEBB0031BDD1 = {
						CreatedOnToolsVersion = 14.3;
						TestTargetID = 91EE752829EBDEB80031BDD1;
					};
					91EE754229EBDEBB0031BDD1 = {
						CreatedOnToolsVersion = 14.3;
						TestTargetID = 91EE752829EBDEB80031BDD1;
					};
				};
			};
			buildConfigurationList = 91EE752429EBDEB80031BDD1 /* Build configuration list for PBXProject "NotIM" */;
			compatibilityVersion = "Xcode 14.0";
			developmentRegion = en;
			hasScannedForEncodings = 0;
			knownRegions = (
				en,
				Base,
			);
			mainGroup = 91EE752029EBDEB80031BDD1;
			packageReferences = (
				91EE756029EC02620031BDD1 /* XCRemoteSwiftPackageReference "LocalConsole" */,
			);
			productRefGroup = 91EE752A29EBDEB80031BDD1 /* Products */;
			projectDirPath = "";
			projectRoot = "";
			targets = (
				91EE752829EBDEB80031BDD1 /* NotIM */,
				91EE753829EBDEBB0031BDD1 /* NotIMTests */,
				91EE754229EBDEBB0031BDD1 /* NotIMUITests */,
			);
		};
/* End PBXProject section */

/* Begin PBXResourcesBuildPhase section */
		91EE752729EBDEB80031BDD1 /* Resources */ = {
			isa = PBXResourcesBuildPhase;
			buildActionMask = 2147483647;
			files = (
				91EE753429EBDEBB0031BDD1 /* Preview Assets.xcassets in Resources */,
				91EE753129EBDEBB0031BDD1 /* Assets.xcassets in Resources */,
			);
			runOnlyForDeploymentPostprocessing = 0;
		};
		91EE753729EBDEBB0031BDD1 /* Resources */ = {
			isa = PBXResourcesBuildPhase;
			buildActionMask = 2147483647;
			files = (
			);
			runOnlyForDeploymentPostprocessing = 0;
		};
		91EE754129EBDEBB0031BDD1 /* Resources */ = {
			isa = PBXResourcesBuildPhase;
			buildActionMask = 2147483647;
			files = (
			);
			runOnlyForDeploymentPostprocessing = 0;
		};
/* End PBXResourcesBuildPhase section */

/* Begin PBXSourcesBuildPhase section */
		91EE752529EBDEB80031BDD1 /* Sources */ = {
			isa = PBXSourcesBuildPhase;
			buildActionMask = 2147483647;
			files = (
				91E351FB29EC064100AB8E87 /* NewMemoView.swift in Sources */,
				91E351F629EC064100AB8E87 /* OnboardingView.swift in Sources */,
				91E351F829EC064100AB8E87 /* ContentView.swift in Sources */,
				91E351F729EC064100AB8E87 /* NotePreview.swift in Sources */,
				91E351F929EC064100AB8E87 /* NotIM.swift in Sources */,
				91E351FA29EC064100AB8E87 /* GlobalThings.swift in Sources */,
				91E351FC29EC064100AB8E87 /* NoteEditorView.swift in Sources */,
			);
			runOnlyForDeploymentPostprocessing = 0;
		};
		91EE753529EBDEBB0031BDD1 /* Sources */ = {
			isa = PBXSourcesBuildPhase;
			buildActionMask = 2147483647;
			files = (
				91EE753E29EBDEBB0031BDD1 /* NotIMTests.swift in Sources */,
			);
			runOnlyForDeploymentPostprocessing = 0;
		};
		91EE753F29EBDEBB0031BDD1 /* Sources */ = {
			isa = PBXSourcesBuildPhase;
			buildActionMask = 2147483647;
			files = (
				91EE754A29EBDEBB0031BDD1 /* NotIMUITestsLaunchTests.swift in Sources */,
				91EE754829EBDEBB0031BDD1 /* NotIMUITests.swift in Sources */,
			);
			runOnlyForDeploymentPostprocessing = 0;
		};
/* End PBXSourcesBuildPhase section */

/* Begin PBXTargetDependency section */
		91EE753B29EBDEBB0031BDD1 /* PBXTargetDependency */ = {
			isa = PBXTargetDependency;
			target = 91EE752829EBDEB80031BDD1 /* NotIM */;
			targetProxy = 91EE753A29EBDEBB0031BDD1 /* PBXContainerItemProxy */;
		};
		91EE754529EBDEBB0031BDD1 /* PBXTargetDependency */ = {
			isa = PBXTargetDependency;
			target = 91EE752829EBDEB80031BDD1 /* NotIM */;
			targetProxy = 91EE754429EBDEBB0031BDD1 /* PBXContainerItemProxy */;
		};
/* End PBXTargetDependency section */

/* Begin XCBuildConfiguration section */
		91EE754B29EBDEBB0031BDD1 /* Debug */ = {
			isa = XCBuildConfiguration;
			buildSettings = {
				ALWAYS_SEARCH_USER_PATHS = NO;
				CLANG_ANALYZER_NONNULL = YES;
				CLANG_ANALYZER_NUMBER_OBJECT_CONVERSION = YES_AGGRESSIVE;
				CLANG_CXX_LANGUAGE_STANDARD = "gnu++20";
				CLANG_ENABLE_MODULES = YES;
				CLANG_ENABLE_OBJC_ARC = YES;
				CLANG_ENABLE_OBJC_WEAK = YES;
				CLANG_WARN_BLOCK_CAPTURE_AUTORELEASING = YES;
				CLANG_WARN_BOOL_CONVERSION = YES;
				CLANG_WARN_COMMA = YES;
				CLANG_WARN_CONSTANT_CONVERSION = YES;
				CLANG_WARN_DEPRECATED_OBJC_IMPLEMENTATIONS = YES;
				CLANG_WARN_DIRECT_OBJC_ISA_USAGE = YES_ERROR;
				CLANG_WARN_DOCUMENTATION_COMMENTS = YES;
				CLANG_WARN_EMPTY_BODY = YES;
				CLANG_WARN_ENUM_CONVERSION = YES;
				CLANG_WARN_INFINITE_RECURSION = YES;
				CLANG_WARN_INT_CONVERSION = YES;
				CLANG_WARN_NON_LITERAL_NULL_CONVERSION = YES;
				CLANG_WARN_OBJC_IMPLICIT_RETAIN_SELF = YES;
				CLANG_WARN_OBJC_LITERAL_CONVERSION = YES;
				CLANG_WARN_OBJC_ROOT_CLASS = YES_ERROR;
				CLANG_WARN_QUOTED_INCLUDE_IN_FRAMEWORK_HEADER = YES;
				CLANG_WARN_RANGE_LOOP_ANALYSIS = YES;
				CLANG_WARN_STRICT_PROTOTYPES = YES;
				CLANG_WARN_SUSPICIOUS_MOVE = YES;
				CLANG_WARN_UNGUARDED_AVAILABILITY = YES_AGGRESSIVE;
				CLANG_WARN_UNREACHABLE_CODE = YES;
				CLANG_WARN__DUPLICATE_METHOD_MATCH = YES;
				COPY_PHASE_STRIP = NO;
				DEBUG_INFORMATION_FORMAT = dwarf;
				ENABLE_STRICT_OBJC_MSGSEND = YES;
				ENABLE_TESTABILITY = YES;
				GCC_C_LANGUAGE_STANDARD = gnu11;
				GCC_DYNAMIC_NO_PIC = NO;
				GCC_NO_COMMON_BLOCKS = YES;
				GCC_OPTIMIZATION_LEVEL = 0;
				GCC_PREPROCESSOR_DEFINITIONS = (
					"DEBUG=1",
					"$(inherited)",
				);
				GCC_WARN_64_TO_32_BIT_CONVERSION = YES;
				GCC_WARN_ABOUT_RETURN_TYPE = YES_ERROR;
				GCC_WARN_UNDECLARED_SELECTOR = YES;
				GCC_WARN_UNINITIALIZED_AUTOS = YES_AGGRESSIVE;
				GCC_WARN_UNUSED_FUNCTION = YES;
				GCC_WARN_UNUSED_VARIABLE = YES;
				IPHONEOS_DEPLOYMENT_TARGET = 16.4;
				MTL_ENABLE_DEBUG_INFO = INCLUDE_SOURCE;
				MTL_FAST_MATH = YES;
				ONLY_ACTIVE_ARCH = YES;
				SDKROOT = iphoneos;
				SWIFT_ACTIVE_COMPILATION_CONDITIONS = DEBUG;
				SWIFT_OPTIMIZATION_LEVEL = "-Onone";
			};
			name = Debug;
		};
		91EE754C29EBDEBB0031BDD1 /* Release */ = {
			isa = XCBuildConfiguration;
			buildSettings = {
				ALWAYS_SEARCH_USER_PATHS = NO;
				CLANG_ANALYZER_NONNULL = YES;
				CLANG_ANALYZER_NUMBER_OBJECT_CONVERSION = YES_AGGRESSIVE;
				CLANG_CXX_LANGUAGE_STANDARD = "gnu++20";
				CLANG_ENABLE_MODULES = YES;
				CLANG_ENABLE_OBJC_ARC = YES;
				CLANG_ENABLE_OBJC_WEAK = YES;
				CLANG_WARN_BLOCK_CAPTURE_AUTORELEASING = YES;
				CLANG_WARN_BOOL_CONVERSION = YES;
				CLANG_WARN_COMMA = YES;
				CLANG_WARN_CONSTANT_CONVERSION = YES;
				CLANG_WARN_DEPRECATED_OBJC_IMPLEMENTATIONS = YES;
				CLANG_WARN_DIRECT_OBJC_ISA_USAGE = YES_ERROR;
				CLANG_WARN_DOCUMENTATION_COMMENTS = YES;
				CLANG_WARN_EMPTY_BODY = YES;
				CLANG_WARN_ENUM_CONVERSION = YES;
				CLANG_WARN_INFINITE_RECURSION = YES;
				CLANG_WARN_INT_CONVERSION = YES;
				CLANG_WARN_NON_LITERAL_NULL_CONVERSION = YES;
				CLANG_WARN_OBJC_IMPLICIT_RETAIN_SELF = YES;
				CLANG_WARN_OBJC_LITERAL_CONVERSION = YES;
				CLANG_WARN_OBJC_ROOT_CLASS = YES_ERROR;
				CLANG_WARN_QUOTED_INCLUDE_IN_FRAMEWORK_HEADER = YES;
				CLANG_WARN_RANGE_LOOP_ANALYSIS = YES;
				CLANG_WARN_STRICT_PROTOTYPES = YES;
				CLANG_WARN_SUSPICIOUS_MOVE = YES;
				CLANG_WARN_UNGUARDED_AVAILABILITY = YES_AGGRESSIVE;
				CLANG_WARN_UNREACHABLE_CODE = YES;
				CLANG_WARN__DUPLICATE_METHOD_MATCH = YES;
				COPY_PHASE_STRIP = NO;
				DEBUG_INFORMATION_FORMAT = "dwarf-with-dsym";
				ENABLE_NS_ASSERTIONS = NO;
				ENABLE_STRICT_OBJC_MSGSEND = YES;
				GCC_C_LANGUAGE_STANDARD = gnu11;
				GCC_NO_COMMON_BLOCKS = YES;
				GCC_WARN_64_TO_32_BIT_CONVERSION = YES;
				GCC_WARN_ABOUT_RETURN_TYPE = YES_ERROR;
				GCC_WARN_UNDECLARED_SELECTOR = YES;
				GCC_WARN_UNINITIALIZED_AUTOS = YES_AGGRESSIVE;
				GCC_WARN_UNUSED_FUNCTION = YES;
				GCC_WARN_UNUSED_VARIABLE = YES;
				IPHONEOS_DEPLOYMENT_TARGET = 16.4;
				MTL_ENABLE_DEBUG_INFO = NO;
				MTL_FAST_MATH = YES;
				SDKROOT = iphoneos;
				SWIFT_COMPILATION_MODE = wholemodule;
				SWIFT_OPTIMIZATION_LEVEL = "-O";
				VALIDATE_PRODUCT = YES;
			};
			name = Release;
		};
		91EE754E29EBDEBB0031BDD1 /* Debug */ = {
			isa = XCBuildConfiguration;
			buildSettings = {
				ASSETCATALOG_COMPILER_APPICON_NAME = AppIcon;
				ASSETCATALOG_COMPILER_GLOBAL_ACCENT_COLOR_NAME = AccentColor;
				CODE_SIGN_STYLE = Automatic;
				CURRENT_PROJECT_VERSION = 1;
				DEVELOPMENT_ASSET_PATHS = "\"NotIM/Preview Content\"";
				DEVELOPMENT_TEAM = WF4J3YQN3K;
				ENABLE_PREVIEWS = YES;
				GENERATE_INFOPLIST_FILE = YES;
				INFOPLIST_FILE = NotIM/Info.plist;
				INFOPLIST_KEY_NSFaceIDUsageDescription = "Will be used to lock notes";
				INFOPLIST_KEY_UIApplicationSceneManifest_Generation = YES;
				INFOPLIST_KEY_UIApplicationSupportsIndirectInputEvents = YES;
				INFOPLIST_KEY_UILaunchScreen_Generation = YES;
				INFOPLIST_KEY_UISupportedInterfaceOrientations = "UIInterfaceOrientationPortrait UIInterfaceOrientationPortraitUpsideDown";
				INFOPLIST_KEY_UISupportedInterfaceOrientations_iPad = "UIInterfaceOrientationLandscapeLeft UIInterfaceOrientationLandscapeRight UIInterfaceOrientationPortrait UIInterfaceOrientationPortraitUpsideDown";
				IPHONEOS_DEPLOYMENT_TARGET = 15.0;
				LD_RUNPATH_SEARCH_PATHS = (
					"$(inherited)",
					"@executable_path/Frameworks",
				);
				MARKETING_VERSION = "1.0 alpha";
				PRODUCT_BUNDLE_IDENTIFIER = com.jonathan.NotIM;
				PRODUCT_NAME = "$(TARGET_NAME)";
				SWIFT_EMIT_LOC_STRINGS = YES;
				SWIFT_VERSION = 5.0;
				TARGETED_DEVICE_FAMILY = "1,2";
			};
			name = Debug;
		};
		91EE754F29EBDEBB0031BDD1 /* Release */ = {
			isa = XCBuildConfiguration;
			buildSettings = {
				ASSETCATALOG_COMPILER_APPICON_NAME = AppIcon;
				ASSETCATALOG_COMPILER_GLOBAL_ACCENT_COLOR_NAME = AccentColor;
				CODE_SIGN_STYLE = Automatic;
				CURRENT_PROJECT_VERSION = 1;
				DEVELOPMENT_ASSET_PATHS = "\"NotIM/Preview Content\"";
				DEVELOPMENT_TEAM = WF4J3YQN3K;
				ENABLE_PREVIEWS = YES;
				GENERATE_INFOPLIST_FILE = YES;
				INFOPLIST_FILE = NotIM/Info.plist;
				INFOPLIST_KEY_NSFaceIDUsageDescription = "Will be used to lock notes";
				INFOPLIST_KEY_UIApplicationSceneManifest_Generation = YES;
				INFOPLIST_KEY_UIApplicationSupportsIndirectInputEvents = YES;
				INFOPLIST_KEY_UILaunchScreen_Generation = YES;
				INFOPLIST_KEY_UISupportedInterfaceOrientations = "UIInterfaceOrientationPortrait UIInterfaceOrientationPortraitUpsideDown";
				INFOPLIST_KEY_UISupportedInterfaceOrientations_iPad = "UIInterfaceOrientationLandscapeLeft UIInterfaceOrientationLandscapeRight UIInterfaceOrientationPortrait UIInterfaceOrientationPortraitUpsideDown";
				IPHONEOS_DEPLOYMENT_TARGET = 15.0;
				LD_RUNPATH_SEARCH_PATHS = (
					"$(inherited)",
					"@executable_path/Frameworks",
				);
				MARKETING_VERSION = "1.0 alpha";
				PRODUCT_BUNDLE_IDENTIFIER = com.jonathan.NotIM;
				PRODUCT_NAME = "$(TARGET_NAME)";
				SWIFT_EMIT_LOC_STRINGS = YES;
				SWIFT_VERSION = 5.0;
				TARGETED_DEVICE_FAMILY = "1,2";
			};
			name = Release;
		};
		91EE755129EBDEBB0031BDD1 /* Debug */ = {
			isa = XCBuildConfiguration;
			buildSettings = {
				ALWAYS_EMBED_SWIFT_STANDARD_LIBRARIES = YES;
				BUNDLE_LOADER = "$(TEST_HOST)";
				CODE_SIGN_STYLE = Automatic;
				CURRENT_PROJECT_VERSION = 1;
				GENERATE_INFOPLIST_FILE = YES;
				IPHONEOS_DEPLOYMENT_TARGET = 16.4;
				MARKETING_VERSION = 1.0;
				PRODUCT_BUNDLE_IDENTIFIER = com.jonathan.NotIMTests;
				PRODUCT_NAME = "$(TARGET_NAME)";
				SWIFT_EMIT_LOC_STRINGS = NO;
				SWIFT_VERSION = 5.0;
				TARGETED_DEVICE_FAMILY = "1,2";
				TEST_HOST = "$(BUILT_PRODUCTS_DIR)/NotIM.app/$(BUNDLE_EXECUTABLE_FOLDER_PATH)/NotIM";
			};
			name = Debug;
		};
		91EE755229EBDEBB0031BDD1 /* Release */ = {
			isa = XCBuildConfiguration;
			buildSettings = {
				ALWAYS_EMBED_SWIFT_STANDARD_LIBRARIES = YES;
				BUNDLE_LOADER = "$(TEST_HOST)";
				CODE_SIGN_STYLE = Automatic;
				CURRENT_PROJECT_VERSION = 1;
				GENERATE_INFOPLIST_FILE = YES;
				IPHONEOS_DEPLOYMENT_TARGET = 16.4;
				MARKETING_VERSION = 1.0;
				PRODUCT_BUNDLE_IDENTIFIER = com.jonathan.NotIMTests;
				PRODUCT_NAME = "$(TARGET_NAME)";
				SWIFT_EMIT_LOC_STRINGS = NO;
				SWIFT_VERSION = 5.0;
				TARGETED_DEVICE_FAMILY = "1,2";
				TEST_HOST = "$(BUILT_PRODUCTS_DIR)/NotIM.app/$(BUNDLE_EXECUTABLE_FOLDER_PATH)/NotIM";
			};
			name = Release;
		};
		91EE755429EBDEBB0031BDD1 /* Debug */ = {
			isa = XCBuildConfiguration;
			buildSettings = {
				ALWAYS_EMBED_SWIFT_STANDARD_LIBRARIES = YES;
				CODE_SIGN_STYLE = Automatic;
				CURRENT_PROJECT_VERSION = 1;
				GENERATE_INFOPLIST_FILE = YES;
				MARKETING_VERSION = 1.0;
				PRODUCT_BUNDLE_IDENTIFIER = com.jonathan.NotIMUITests;
				PRODUCT_NAME = "$(TARGET_NAME)";
				SWIFT_EMIT_LOC_STRINGS = NO;
				SWIFT_VERSION = 5.0;
				TARGETED_DEVICE_FAMILY = "1,2";
				TEST_TARGET_NAME = NotIM;
			};
			name = Debug;
		};
		91EE755529EBDEBB0031BDD1 /* Release */ = {
			isa = XCBuildConfiguration;
			buildSettings = {
				ALWAYS_EMBED_SWIFT_STANDARD_LIBRARIES = YES;
				CODE_SIGN_STYLE = Automatic;
				CURRENT_PROJECT_VERSION = 1;
				GENERATE_INFOPLIST_FILE = YES;
				MARKETING_VERSION = 1.0;
				PRODUCT_BUNDLE_IDENTIFIER = com.jonathan.NotIMUITests;
				PRODUCT_NAME = "$(TARGET_NAME)";
				SWIFT_EMIT_LOC_STRINGS = NO;
				SWIFT_VERSION = 5.0;
				TARGETED_DEVICE_FAMILY = "1,2";
				TEST_TARGET_NAME = NotIM;
			};
			name = Release;
		};
/* End XCBuildConfiguration section */

/* Begin XCConfigurationList section */
		91EE752429EBDEB80031BDD1 /* Build configuration list for PBXProject "NotIM" */ = {
			isa = XCConfigurationList;
			buildConfigurations = (
				91EE754B29EBDEBB0031BDD1 /* Debug */,
				91EE754C29EBDEBB0031BDD1 /* Release */,
			);
			defaultConfigurationIsVisible = 0;
			defaultConfigurationName = Release;
		};
		91EE754D29EBDEBB0031BDD1 /* Build configuration list for PBXNativeTarget "NotIM" */ = {
			isa = XCConfigurationList;
			buildConfigurations = (
				91EE754E29EBDEBB0031BDD1 /* Debug */,
				91EE754F29EBDEBB0031BDD1 /* Release */,
			);
			defaultConfigurationIsVisible = 0;
			defaultConfigurationName = Release;
		};
		91EE755029EBDEBB0031BDD1 /* Build configuration list for PBXNativeTarget "NotIMTests" */ = {
			isa = XCConfigurationList;
			buildConfigurations = (
				91EE755129EBDEBB0031BDD1 /* Debug */,
				91EE755229EBDEBB0031BDD1 /* Release */,
			);
			defaultConfigurationIsVisible = 0;
			defaultConfigurationName = Release;
		};
		91EE755329EBDEBB0031BDD1 /* Build configuration list for PBXNativeTarget "NotIMUITests" */ = {
			isa = XCConfigurationList;
			buildConfigurations = (
				91EE755429EBDEBB0031BDD1 /* Debug */,
				91EE755529EBDEBB0031BDD1 /* Release */,
			);
			defaultConfigurationIsVisible = 0;
			defaultConfigurationName = Release;
		};
/* End XCConfigurationList section */

/* Begin XCRemoteSwiftPackageReference section */
		91EE756029EC02620031BDD1 /* XCRemoteSwiftPackageReference "LocalConsole" */ = {
			isa = XCRemoteSwiftPackageReference;
			repositoryURL = "https://github.com/duraidabdul/LocalConsole";
			requirement = {
				kind = upToNextMajorVersion;
				minimumVersion = 1.0.0;
			};
		};
/* End XCRemoteSwiftPackageReference section */

/* Begin XCSwiftPackageProductDependency section */
		91EE756129EC02620031BDD1 /* LocalConsole */ = {
			isa = XCSwiftPackageProductDependency;
			package = 91EE756029EC02620031BDD1 /* XCRemoteSwiftPackageReference "LocalConsole" */;
			productName = LocalConsole;
		};
/* End XCSwiftPackageProductDependency section */
	};
	rootObject = 91EE752129EBDEB80031BDD1 /* Project object */;
}
